
Microsoft Visual Studio Solution File, Format Version 12.00
# Visual Studio Version 16
VisualStudioVersion = 16.0.30114.105
MinimumVisualStudioVersion = 10.0.40219.1
Project("{FAE04EC0-301F-11D3-BF4B-00C04F79EFBC}") = "finalProject", "finalProject\finalProject.csproj", "{05791B58-37D3-4622-A79C-618F0998B622}"
EndProject
Project("{FAE04EC0-301F-11D3-BF4B-00C04F79EFBC}") = "Global", "Global\Global.csproj", "{D4A64331-F530-4169-AA05-DA65E7D5CFF0}"
EndProject
Project("{FAE04EC0-301F-11D3-BF4B-00C04F79EFBC}") = "employeeTaxes", "employeeTaxes\employeeTaxes.csproj", "{97BE4850-64AD-43B6-A8CB-A153C159B268}"
EndProject
Project("{FAE04EC0-301F-11D3-BF4B-00C04F79EFBC}") = "taxCalculator", "taxCalculator\taxCalculator.csproj", "{BBD636D8-C40E-4BB0-BE6D-45E6A110BCCE}"
EndProject
Global
	GlobalSection(SolutionConfigurationPlatforms) = preSolution
		Debug|Any CPU = Debug|Any CPU
		Release|Any CPU = Release|Any CPU
	EndGlobalSection
	GlobalSection(SolutionProperties) = preSolution
		HideSolutionNode = FALSE
	EndGlobalSection
	GlobalSection(ProjectConfigurationPlatforms) = postSolution
		{05791B58-37D3-4622-A79C-618F0998B622}.Debug|Any CPU.ActiveCfg = Debug|Any CPU
		{05791B58-37D3-4622-A79C-618F0998B622}.Debug|Any CPU.Build.0 = Debug|Any CPU
		{05791B58-37D3-4622-A79C-618F0998B622}.Release|Any CPU.ActiveCfg = Release|Any CPU
		{05791B58-37D3-4622-A79C-618F0998B622}.Release|Any CPU.Build.0 = Release|Any CPU
		{D4A64331-F530-4169-AA05-DA65E7D5CFF0}.Debug|Any CPU.ActiveCfg = Debug|Any CPU
		{D4A64331-F530-4169-AA05-DA65E7D5CFF0}.Debug|Any CPU.Build.0 = Debug|Any CPU
		{D4A64331-F530-4169-AA05-DA65E7D5CFF0}.Release|Any CPU.ActiveCfg = Release|Any CPU
		{D4A64331-F530-4169-AA05-DA65E7D5CFF0}.Release|Any CPU.Build.0 = Release|Any CPU
		{97BE4850-64AD-43B6-A8CB-A153C159B268}.Debug|Any CPU.ActiveCfg = Debug|Any CPU
		{97BE4850-64AD-43B6-A8CB-A153C159B268}.Debug|Any CPU.Build.0 = Debug|Any CPU
		{97BE4850-64AD-43B6-A8CB-A153C159B268}.Release|Any CPU.ActiveCfg = Release|Any CPU
		{97BE4850-64AD-43B6-A8CB-A153C159B268}.Release|Any CPU.Build.0 = Release|Any CPU
		{BBD636D8-C40E-4BB0-BE6D-45E6A110BCCE}.Debug|Any CPU.ActiveCfg = Debug|Any CPU
		{BBD636D8-C40E-4BB0-BE6D-45E6A110BCCE}.Debug|Any CPU.Build.0 = Debug|Any CPU
		{BBD636D8-C40E-4BB0-BE6D-45E6A110BCCE}.Release|Any CPU.ActiveCfg = Release|Any CPU
		{BBD636D8-C40E-4BB0-BE6D-45E6A110BCCE}.Release|Any CPU.Build.0 = Release|Any CPU
	EndGlobalSection
EndGlobal
